
Microsoft Visual Studio Solution File, Format Version 12.00
# Visual Studio Version 16
VisualStudioVersion = 16.0.29728.190
MinimumVisualStudioVersion = 10.0.40219.1
Project("{FAE04EC0-301F-11D3-BF4B-00C04F79EFBC}") = "SW.User.Api", "SW.User.Api\SW.User.Api.csproj", "{1A080555-5F4B-44D1-8929-6494B25698E9}"
EndProject
Project("{FAE04EC0-301F-11D3-BF4B-00C04F79EFBC}") = "SW.User.Data", "SW.User.Data\SW.User.Data.csproj", "{F31FDB0A-A528-4E11-AAFD-A65C698D4CB4}"
EndProject
Project("{FAE04EC0-301F-11D3-BF4B-00C04F79EFBC}") = "SW.User.Core", "SW.User.Core\SW.User.Core.csproj", "{FA29D9B0-70E6-405B-A56A-893EBCD111FD}"
EndProject
Global
	GlobalSection(SolutionConfigurationPlatforms) = preSolution
		Debug|Any CPU = Debug|Any CPU
		Release|Any CPU = Release|Any CPU
	EndGlobalSection
	GlobalSection(ProjectConfigurationPlatforms) = postSolution
		{1A080555-5F4B-44D1-8929-6494B25698E9}.Debug|Any CPU.ActiveCfg = Debug|Any CPU
		{1A080555-5F4B-44D1-8929-6494B25698E9}.Debug|Any CPU.Build.0 = Debug|Any CPU
		{1A080555-5F4B-44D1-8929-6494B25698E9}.Release|Any CPU.ActiveCfg = Release|Any CPU
		{1A080555-5F4B-44D1-8929-6494B25698E9}.Release|Any CPU.Build.0 = Release|Any CPU
		{F31FDB0A-A528-4E11-AAFD-A65C698D4CB4}.Debug|Any CPU.ActiveCfg = Debug|Any CPU
		{F31FDB0A-A528-4E11-AAFD-A65C698D4CB4}.Debug|Any CPU.Build.0 = Debug|Any CPU
		{F31FDB0A-A528-4E11-AAFD-A65C698D4CB4}.Release|Any CPU.ActiveCfg = Release|Any CPU
		{F31FDB0A-A528-4E11-AAFD-A65C698D4CB4}.Release|Any CPU.Build.0 = Release|Any CPU
		{FA29D9B0-70E6-405B-A56A-893EBCD111FD}.Debug|Any CPU.ActiveCfg = Debug|Any CPU
		{FA29D9B0-70E6-405B-A56A-893EBCD111FD}.Debug|Any CPU.Build.0 = Debug|Any CPU
		{FA29D9B0-70E6-405B-A56A-893EBCD111FD}.Release|Any CPU.ActiveCfg = Release|Any CPU
		{FA29D9B0-70E6-405B-A56A-893EBCD111FD}.Release|Any CPU.Build.0 = Release|Any CPU
	EndGlobalSection
	GlobalSection(SolutionProperties) = preSolution
		HideSolutionNode = FALSE
	EndGlobalSection
	GlobalSection(ExtensibilityGlobals) = postSolution
		SolutionGuid = {6987D1FD-C5D3-41FE-9D0A-0F3DA43B74F0}
	EndGlobalSection
EndGlobal
